{
  "name": "pokershuffle",
  "version": "1.0.0",
  "lockfileVersion": 1,
  "requires": true,
  "dependencies": {
    "@types/node": {
      "version": "13.13.51",
      "resolved": "https://registry.npmjs.org/@types/node/-/node-13.13.51.tgz",
      "integrity": "sha512-66/xg5I5Te4oGi5Jws11PtNmKkZbOPZWyBZZ/l5AOrWj1Dyw+6Ge/JhYTq/2/Yvdqyhrue8RL+DGI298OJ0xcg=="
    },
    "poker-evaluator": {
      "version": "2.0.5",
      "resolved": "https://registry.npmjs.org/poker-evaluator/-/poker-evaluator-2.0.5.tgz",
      "integrity": "sha512-3RwPXLaZHbVnjRxgK5pfCdQN1NpEo9h0Er4afJlfjHS10m3kWeNcm0aSnR1mFS5giGcLuI83Hc7pgY8GS8DkBA==",
      "requires": {
        "@types/node": "^13.1.6",
        "tslib": "^1.10.0",
        "typescript": "^3.7.4"
      }
    },
    "prettier": {
      "version": "2.2.1",
      "resolved": "https://registry.npmjs.org/prettier/-/prettier-2.2.1.tgz",
      "integrity": "sha512-PqyhM2yCjg/oKkFPtTGUojv7gnZAoG80ttl45O6x2Ug/rMJw4wcc9k6aaf2hibP7BGVCCM33gZoGjyvt9mm16Q==",
      "dev": true
    },
    "tslib": {
      "version": "1.14.1",
      "resolved": "https://registry.npmjs.org/tslib/-/tslib-1.14.1.tgz",
      "integrity": "sha512-Xni35NKzjgMrwevysHTCArtLDpPvye8zV/0E4EyYn43P7/7qvQwPh9BGkHewbMulVntbigmcT7rdX3BNo9wRJg=="
    },
    "typescript": {
      "version": "3.9.9",
      "resolved": "https://registry.npmjs.org/typescript/-/typescript-3.9.9.tgz",
      "integrity": "sha512-kdMjTiekY+z/ubJCATUPlRDl39vXYiMV9iyeMuEuXZh2we6zz80uovNN2WlAxmmdE/Z/YQe+EbOEXB5RHEED3w=="
    }
  }
}
